{
  "requires": true,
  "lockfileVersion": 1,
  "dependencies": {
    "fgd": {
      "version": "1.0.2",
      "resolved": "https://registry.npmjs.org/fgd/-/fgd-1.0.2.tgz",
      "integrity": "sha512-YSwgu+BxbwYwFKMi+pweClzorSGHpxj86ca0v0+PsZnVL6eCsojLy//HpXxpETDQpsM3FMJEWJILZyeCWSDkzw=="
    }
  }
}
