{
  "requires": true,
  "lockfileVersion": 1,
  "dependencies": {
    "fgd": {
      "version": "1.0.0",
      "resolved": "https://registry.npmjs.org/fgd/-/fgd-1.0.0.tgz",
      "integrity": "sha512-rjT//ltMOif17iHgU3FzlFdTpzrg2fwI7t4f9hzVbw/O3+HO9nDpl+6E+gVSYGZFhyXhf0542pBK7aAiY4qKYw=="
    }
  }
}
